
Microsoft Visual Studio Solution File, Format Version 12.00
# Visual Studio Version 16
VisualStudioVersion = 16.0.31205.134
MinimumVisualStudioVersion = 10.0.40219.1
Project("{FAE04EC0-301F-11D3-BF4B-00C04F79EFBC}") = "ITHealtAPI", "ITHealtAPI\ITHealtAPI.csproj", "{028D40EF-44FB-4B4D-8D6E-0D336BC5F30A}"
EndProject
Global
	GlobalSection(SolutionConfigurationPlatforms) = preSolution
		Debug|Any CPU = Debug|Any CPU
		Release|Any CPU = Release|Any CPU
	EndGlobalSection
	GlobalSection(ProjectConfigurationPlatforms) = postSolution
		{028D40EF-44FB-4B4D-8D6E-0D336BC5F30A}.Debug|Any CPU.ActiveCfg = Debug|Any CPU
		{028D40EF-44FB-4B4D-8D6E-0D336BC5F30A}.Debug|Any CPU.Build.0 = Debug|Any CPU
		{028D40EF-44FB-4B4D-8D6E-0D336BC5F30A}.Release|Any CPU.ActiveCfg = Release|Any CPU
		{028D40EF-44FB-4B4D-8D6E-0D336BC5F30A}.Release|Any CPU.Build.0 = Release|Any CPU
	EndGlobalSection
	GlobalSection(SolutionProperties) = preSolution
		HideSolutionNode = FALSE
	EndGlobalSection
	GlobalSection(ExtensibilityGlobals) = postSolution
		SolutionGuid = {8FC67912-7AA3-4371-9DB8-0959DB9AB530}
	EndGlobalSection
EndGlobal
